// !$*UTF8*$!
{
	archiveVersion = 1;
	classes = {
	};
	objectVersion = 77;
	objects = {

/* Begin PBXContainerItemProxy section */
		8B5108AB2DED6F35001573F2 /* PBXContainerItemProxy */ = {
			isa = PBXContainerItemProxy;
			containerPortal = 8B5108942DED6F32001573F2 /* Project object */;
			proxyType = 1;
			remoteGlobalIDString = 8B51089B2DED6F32001573F2;
			remoteInfo = breakTime;
		};
		8B5108B52DED6F35001573F2 /* PBXContainerItemProxy */ = {
			isa = PBXContainerItemProxy;
			containerPortal = 8B5108942DED6F32001573F2 /* Project object */;
			proxyType = 1;
			remoteGlobalIDString = 8B51089B2DED6F32001573F2;
			remoteInfo = breakTime;
		};
/* End PBXContainerItemProxy section */

/* Begin PBXFileReference section */
		8B51089C2DED6F32001573F2 /* breakTime.app */ = {isa = PBXFileReference; explicitFileType = wrapper.application; includeInIndex = 0; path = breakTime.app; sourceTree = BUILT_PRODUCTS_DIR; };
		8B5108AA2DED6F35001573F2 /* breakTimeTests.xctest */ = {isa = PBXFileReference; explicitFileType = wrapper.cfbundle; includeInIndex = 0; path = breakTimeTests.xctest; sourceTree = BUILT_PRODUCTS_DIR; };
		8B5108B42DED6F35001573F2 /* breakTimeUITests.xctest */ = {isa = PBXFileReference; explicitFileType = wrapper.cfbundle; includeInIndex = 0; path = breakTimeUITests.xctest; sourceTree = BUILT_PRODUCTS_DIR; };
/* End PBXFileReference section */

/* Begin PBXFileSystemSynchronizedBuildFileExceptionSet section */
		8B5108C82DED6F79001573F2 /* Exceptions for "breakTime" folder in "breakTime" target */ = {
			isa = PBXFileSystemSynchronizedBuildFileExceptionSet;
			membershipExceptions = (
				Info.plist,
			);
			target = 8B51089B2DED6F32001573F2 /* breakTime */;
		};
/* End PBXFileSystemSynchronizedBuildFileExceptionSet section */

/* Begin PBXFileSystemSynchronizedRootGroup section */
		8B51089E2DED6F32001573F2 /* breakTime */ = {
			isa = PBXFileSystemSynchronizedRootGroup;
			exceptions = (
				8B5108C82DED6F79001573F2 /* Exceptions for "breakTime" folder in "breakTime" target */,
			);
			path = breakTime;
			sourceTree = "<group>";
		};
		8B5108AD2DED6F35001573F2 /* breakTimeTests */ = {
			isa = PBXFileSystemSynchronizedRootGroup;
			path = breakTimeTests;
			sourceTree = "<group>";
		};
		8B5108B72DED6F35001573F2 /* breakTimeUITests */ = {
			isa = PBXFileSystemSynchronizedRootGroup;
			path = breakTimeUITests;
			sourceTree = "<group>";
		};
/* End PBXFileSystemSynchronizedRootGroup section */

/* Begin PBXFrameworksBuildPhase section */
		8B5108992DED6F32001573F2 /* Frameworks */ = {
			isa = PBXFrameworksBuildPhase;
			buildActionMask = 2147483647;
			files = (
			);
			runOnlyForDeploymentPostprocessing = 0;
		};
		8B5108A72DED6F35001573F2 /* Frameworks */ = {
			isa = PBXFrameworksBuildPhase;
			buildActionMask = 2147483647;
			files = (
			);
			runOnlyForDeploymentPostprocessing = 0;
		};
		8B5108B12DED6F35001573F2 /* Frameworks */ = {
			isa = PBXFrameworksBuildPhase;
			buildActionMask = 2147483647;
			files = (
			);
			runOnlyForDeploymentPostprocessing = 0;
		};
/* End PBXFrameworksBuildPhase section */

/* Begin PBXGroup section */
		8B5108932DED6F32001573F2 = {
			isa = PBXGroup;
			children = (
				8B51089E2DED6F32001573F2 /* breakTime */,
				8B5108AD2DED6F35001573F2 /* breakTimeTests */,
				8B5108B72DED6F35001573F2 /* breakTimeUITests */,
				8B51089D2DED6F32001573F2 /* Products */,
			);
			sourceTree = "<group>";
		};
		8B51089D2DED6F32001573F2 /* Products */ = {
			isa = PBXGroup;
			children = (
				8B51089C2DED6F32001573F2 /* breakTime.app */,
				8B5108AA2DED6F35001573F2 /* breakTimeTests.xctest */,
				8B5108B42DED6F35001573F2 /* breakTimeUITests.xctest */,
			);
			name = Products;
			sourceTree = "<group>";
		};
/* End PBXGroup section */

/* Begin PBXNativeTarget section */
		8B51089B2DED6F32001573F2 /* breakTime */ = {
			isa = PBXNativeTarget;
			buildConfigurationList = 8B5108BE2DED6F35001573F2 /* Build configuration list for PBXNativeTarget "breakTime" */;
			buildPhases = (
				8B5108982DED6F32001573F2 /* Sources */,
				8B5108992DED6F32001573F2 /* Frameworks */,
				8B51089A2DED6F32001573F2 /* Resources */,
			);
			buildRules = (
			);
			dependencies = (
			);
			fileSystemSynchronizedGroups = (
				8B51089E2DED6F32001573F2 /* breakTime */,
			);
			name = breakTime;
			packageProductDependencies = (
			);
			productName = breakTime;
			productReference = 8B51089C2DED6F32001573F2 /* breakTime.app */;
			productType = "com.apple.product-type.application";
		};
		8B5108A92DED6F35001573F2 /* breakTimeTests */ = {
			isa = PBXNativeTarget;
			buildConfigurationList = 8B5108C12DED6F35001573F2 /* Build configuration list for PBXNativeTarget "breakTimeTests" */;
			buildPhases = (
				8B5108A62DED6F35001573F2 /* Sources */,
				8B5108A72DED6F35001573F2 /* Frameworks */,
				8B5108A82DED6F35001573F2 /* Resources */,
			);
			buildRules = (
			);
			dependencies = (
				8B5108AC2DED6F35001573F2 /* PBXTargetDependency */,
			);
			fileSystemSynchronizedGroups = (
				8B5108AD2DED6F35001573F2 /* breakTimeTests */,
			);
			name = breakTimeTests;
			packageProductDependencies = (
			);
			productName = breakTimeTests;
			productReference = 8B5108AA2DED6F35001573F2 /* breakTimeTests.xctest */;
			productType = "com.apple.product-type.bundle.unit-test";
		};
		8B5108B32DED6F35001573F2 /* breakTimeUITests */ = {
			isa = PBXNativeTarget;
			buildConfigurationList = 8B5108C42DED6F35001573F2 /* Build configuration list for PBXNativeTarget "breakTimeUITests" */;
			buildPhases = (
				8B5108B02DED6F35001573F2 /* Sources */,
				8B5108B12DED6F35001573F2 /* Frameworks */,
				8B5108B22DED6F35001573F2 /* Resources */,
			);
			buildRules = (
			);
			dependencies = (
				8B5108B62DED6F35001573F2 /* PBXTargetDependency */,
			);
			fileSystemSynchronizedGroups = (
				8B5108B72DED6F35001573F2 /* breakTimeUITests */,
			);
			name = breakTimeUITests;
			packageProductDependencies = (
			);
			productName = breakTimeUITests;
			productReference = 8B5108B42DED6F35001573F2 /* breakTimeUITests.xctest */;
			productType = "com.apple.product-type.bundle.ui-testing";
		};
/* End PBXNativeTarget section */

/* Begin PBXProject section */
		8B5108942DED6F32001573F2 /* Project object */ = {
			isa = PBXProject;
			attributes = {
				BuildIndependentTargetsInParallel = 1;
				LastSwiftUpdateCheck = 1630;
				LastUpgradeCheck = 1630;
				TargetAttributes = {
					8B51089B2DED6F32001573F2 = {
						CreatedOnToolsVersion = 16.3;
					};
					8B5108A92DED6F35001573F2 = {
						CreatedOnToolsVersion = 16.3;
						TestTargetID = 8B51089B2DED6F32001573F2;
					};
					8B5108B32DED6F35001573F2 = {
						CreatedOnToolsVersion = 16.3;
						TestTargetID = 8B51089B2DED6F32001573F2;
					};
				};
			};
			buildConfigurationList = 8B5108972DED6F32001573F2 /* Build configuration list for PBXProject "breakTime" */;
			developmentRegion = en;
			hasScannedForEncodings = 0;
			knownRegions = (
				en,
				Base,
			);
			mainGroup = 8B5108932DED6F32001573F2;
			minimizedProjectReferenceProxies = 1;
			preferredProjectObjectVersion = 77;
			productRefGroup = 8B51089D2DED6F32001573F2 /* Products */;
			projectDirPath = "";
			projectRoot = "";
			targets = (
				8B51089B2DED6F32001573F2 /* breakTime */,
				8B5108A92DED6F35001573F2 /* breakTimeTests */,
				8B5108B32DED6F35001573F2 /* breakTimeUITests */,
			);
		};
/* End PBXProject section */

/* Begin PBXResourcesBuildPhase section */
		8B51089A2DED6F32001573F2 /* Resources */ = {
			isa = PBXResourcesBuildPhase;
			buildActionMask = 2147483647;
			files = (
			);
			runOnlyForDeploymentPostprocessing = 0;
		};
		8B5108A82DED6F35001573F2 /* Resources */ = {
			isa = PBXResourcesBuildPhase;
			buildActionMask = 2147483647;
			files = (
			);
			runOnlyForDeploymentPostprocessing = 0;
		};
		8B5108B22DED6F35001573F2 /* Resources */ = {
			isa = PBXResourcesBuildPhase;
			buildActionMask = 2147483647;
			files = (
			);
			runOnlyForDeploymentPostprocessing = 0;
		};
/* End PBXResourcesBuildPhase section */

/* Begin PBXSourcesBuildPhase section */
		8B5108982DED6F32001573F2 /* Sources */ = {
			isa = PBXSourcesBuildPhase;
			buildActionMask = 2147483647;
			files = (
			);
			runOnlyForDeploymentPostprocessing = 0;
		};
		8B5108A62DED6F35001573F2 /* Sources */ = {
			isa = PBXSourcesBuildPhase;
			buildActionMask = 2147483647;
			files = (
			);
			runOnlyForDeploymentPostprocessing = 0;
		};
		8B5108B02DED6F35001573F2 /* Sources */ = {
			isa = PBXSourcesBuildPhase;
			buildActionMask = 2147483647;
			files = (
			);
			runOnlyForDeploymentPostprocessing = 0;
		};
/* End PBXSourcesBuildPhase section */

/* Begin PBXTargetDependency section */
		8B5108AC2DED6F35001573F2 /* PBXTargetDependency */ = {
			isa = PBXTargetDependency;
			target = 8B51089B2DED6F32001573F2 /* breakTime */;
			targetProxy = 8B5108AB2DED6F35001573F2 /* PBXContainerItemProxy */;
		};
		8B5108B62DED6F35001573F2 /* PBXTargetDependency */ = {
			isa = PBXTargetDependency;
			target = 8B51089B2DED6F32001573F2 /* breakTime */;
			targetProxy = 8B5108B52DED6F35001573F2 /* PBXContainerItemProxy */;
		};
/* End PBXTargetDependency section */

/* Begin XCBuildConfiguration section */
		8B5108BC2DED6F35001573F2 /* Debug */ = {
			isa = XCBuildConfiguration;
			buildSettings = {
				ALWAYS_SEARCH_USER_PATHS = NO;
				ASSETCATALOG_COMPILER_GENERATE_SWIFT_ASSET_SYMBOL_EXTENSIONS = YES;
				CLANG_ANALYZER_NONNULL = YES;
				CLANG_ANALYZER_NUMBER_OBJECT_CONVERSION = YES_AGGRESSIVE;
				CLANG_CXX_LANGUAGE_STANDARD = "gnu++20";
				CLANG_ENABLE_MODULES = YES;
				CLANG_ENABLE_OBJC_ARC = YES;
				CLANG_ENABLE_OBJC_WEAK = YES;
				CLANG_WARN_BLOCK_CAPTURE_AUTORELEASING = YES;
				CLANG_WARN_BOOL_CONVERSION = YES;
				CLANG_WARN_COMMA = YES;
				CLANG_WARN_CONSTANT_CONVERSION = YES;
				CLANG_WARN_DEPRECATED_OBJC_IMPLEMENTATIONS = YES;
				CLANG_WARN_DIRECT_OBJC_ISA_USAGE = YES_ERROR;
				CLANG_WARN_DOCUMENTATION_COMMENTS = YES;
				CLANG_WARN_EMPTY_BODY = YES;
				CLANG_WARN_ENUM_CONVERSION = YES;
				CLANG_WARN_INFINITE_RECURSION = YES;
				CLANG_WARN_INT_CONVERSION = YES;
				CLANG_WARN_NON_LITERAL_NULL_CONVERSION = YES;
				CLANG_WARN_OBJC_IMPLICIT_RETAIN_SELF = YES;
				CLANG_WARN_OBJC_LITERAL_CONVERSION = YES;
				CLANG_WARN_OBJC_ROOT_CLASS = YES_ERROR;
				CLANG_WARN_QUOTED_INCLUDE_IN_FRAMEWORK_HEADER = YES;
				CLANG_WARN_RANGE_LOOP_ANALYSIS = YES;
				CLANG_WARN_STRICT_PROTOTYPES = YES;
				CLANG_WARN_SUSPICIOUS_MOVE = YES;
				CLANG_WARN_UNGUARDED_AVAILABILITY = YES_AGGRESSIVE;
				CLANG_WARN_UNREACHABLE_CODE = YES;
				CLANG_WARN__DUPLICATE_METHOD_MATCH = YES;
				COPY_PHASE_STRIP = NO;
				DEBUG_INFORMATION_FORMAT = dwarf;
				ENABLE_STRICT_OBJC_MSGSEND = YES;
				ENABLE_TESTABILITY = YES;
				ENABLE_USER_SCRIPT_SANDBOXING = YES;
				GCC_C_LANGUAGE_STANDARD = gnu17;
				GCC_DYNAMIC_NO_PIC = NO;
				GCC_NO_COMMON_BLOCKS = YES;
				GCC_OPTIMIZATION_LEVEL = 0;
				GCC_PREPROCESSOR_DEFINITIONS = (
					"DEBUG=1",
					"$(inherited)",
				);
				GCC_WARN_64_TO_32_BIT_CONVERSION = YES;
				GCC_WARN_ABOUT_RETURN_TYPE = YES_ERROR;
				GCC_WARN_UNDECLARED_SELECTOR = YES;
				GCC_WARN_UNINITIALIZED_AUTOS = YES_AGGRESSIVE;
				GCC_WARN_UNUSED_FUNCTION = YES;
				GCC_WARN_UNUSED_VARIABLE = YES;
				LOCALIZATION_PREFERS_STRING_CATALOGS = YES;
				MACOSX_DEPLOYMENT_TARGET = 15.4;
				MTL_ENABLE_DEBUG_INFO = INCLUDE_SOURCE;
				MTL_FAST_MATH = YES;
				ONLY_ACTIVE_ARCH = YES;
				SDKROOT = macosx;
				SWIFT_ACTIVE_COMPILATION_CONDITIONS = "DEBUG $(inherited)";
				SWIFT_OPTIMIZATION_LEVEL = "-Onone";
			};
			name = Debug;
		};
		8B5108BD2DED6F35001573F2 /* Release */ = {
			isa = XCBuildConfiguration;
			buildSettings = {
				ALWAYS_SEARCH_USER_PATHS = NO;
				ASSETCATALOG_COMPILER_GENERATE_SWIFT_ASSET_SYMBOL_EXTENSIONS = YES;
				CLANG_ANALYZER_NONNULL = YES;
				CLANG_ANALYZER_NUMBER_OBJECT_CONVERSION = YES_AGGRESSIVE;
				CLANG_CXX_LANGUAGE_STANDARD = "gnu++20";
				CLANG_ENABLE_MODULES = YES;
				CLANG_ENABLE_OBJC_ARC = YES;
				CLANG_ENABLE_OBJC_WEAK = YES;
				CLANG_WARN_BLOCK_CAPTURE_AUTORELEASING = YES;
				CLANG_WARN_BOOL_CONVERSION = YES;
				CLANG_WARN_COMMA = YES;
				CLANG_WARN_CONSTANT_CONVERSION = YES;
				CLANG_WARN_DEPRECATED_OBJC_IMPLEMENTATIONS = YES;
				CLANG_WARN_DIRECT_OBJC_ISA_USAGE = YES_ERROR;
				CLANG_WARN_DOCUMENTATION_COMMENTS = YES;
				CLANG_WARN_EMPTY_BODY = YES;
				CLANG_WARN_ENUM_CONVERSION = YES;
				CLANG_WARN_INFINITE_RECURSION = YES;
				CLANG_WARN_INT_CONVERSION = YES;
				CLANG_WARN_NON_LITERAL_NULL_CONVERSION = YES;
				CLANG_WARN_OBJC_IMPLICIT_RETAIN_SELF = YES;
				CLANG_WARN_OBJC_LITERAL_CONVERSION = YES;
				CLANG_WARN_OBJC_ROOT_CLASS = YES_ERROR;
				CLANG_WARN_QUOTED_INCLUDE_IN_FRAMEWORK_HEADER = YES;
				CLANG_WARN_RANGE_LOOP_ANALYSIS = YES;
				CLANG_WARN_STRICT_PROTOTYPES = YES;
				CLANG_WARN_SUSPICIOUS_MOVE = YES;
				CLANG_WARN_UNGUARDED_AVAILABILITY = YES_AGGRESSIVE;
				CLANG_WARN_UNREACHABLE_CODE = YES;
				CLANG_WARN__DUPLICATE_METHOD_MATCH = YES;
				COPY_PHASE_STRIP = NO;
				DEBUG_INFORMATION_FORMAT = "dwarf-with-dsym";
				ENABLE_NS_ASSERTIONS = NO;
				ENABLE_STRICT_OBJC_MSGSEND = YES;
				ENABLE_USER_SCRIPT_SANDBOXING = YES;
				GCC_C_LANGUAGE_STANDARD = gnu17;
				GCC_NO_COMMON_BLOCKS = YES;
				GCC_WARN_64_TO_32_BIT_CONVERSION = YES;
				GCC_WARN_ABOUT_RETURN_TYPE = YES_ERROR;
				GCC_WARN_UNDECLARED_SELECTOR = YES;
				GCC_WARN_UNINITIALIZED_AUTOS = YES_AGGRESSIVE;
				GCC_WARN_UNUSED_FUNCTION = YES;
				GCC_WARN_UNUSED_VARIABLE = YES;
				LOCALIZATION_PREFERS_STRING_CATALOGS = YES;
				MACOSX_DEPLOYMENT_TARGET = 15.4;
				MTL_ENABLE_DEBUG_INFO = NO;
				MTL_FAST_MATH = YES;
				SDKROOT = macosx;
				SWIFT_COMPILATION_MODE = wholemodule;
			};
			name = Release;
		};
		8B5108BF2DED6F35001573F2 /* Debug */ = {
			isa = XCBuildConfiguration;
			buildSettings = {
				ASSETCATALOG_COMPILER_APPICON_NAME = AppIcon;
				ASSETCATALOG_COMPILER_GLOBAL_ACCENT_COLOR_NAME = AccentColor;
				CODE_SIGN_ENTITLEMENTS = breakTime/breakTime.entitlements;
				CODE_SIGN_STYLE = Automatic;
				COMBINE_HIDPI_IMAGES = YES;
				CURRENT_PROJECT_VERSION = 1;
				ENABLE_PREVIEWS = YES;
				GENERATE_INFOPLIST_FILE = YES;
				INFOPLIST_FILE = breakTime/Info.plist;
				INFOPLIST_KEY_NSHumanReadableCopyright = "";
				LD_RUNPATH_SEARCH_PATHS = (
					"$(inherited)",
					"@executable_path/../Frameworks",
				);
				MARKETING_VERSION = 1.0;
				PRODUCT_BUNDLE_IDENTIFIER = Alphabytetech.breakTime;
				PRODUCT_NAME = "$(TARGET_NAME)";
				REGISTER_APP_GROUPS = YES;
				SWIFT_EMIT_LOC_STRINGS = YES;
				SWIFT_VERSION = 5.0;
			};
			name = Debug;
		};
		8B5108C02DED6F35001573F2 /* Release */ = {
			isa = XCBuildConfiguration;
			buildSettings = {
				ASSETCATALOG_COMPILER_APPICON_NAME = AppIcon;
				ASSETCATALOG_COMPILER_GLOBAL_ACCENT_COLOR_NAME = AccentColor;
				CODE_SIGN_ENTITLEMENTS = breakTime/breakTime.entitlements;
				CODE_SIGN_STYLE = Automatic;
				COMBINE_HIDPI_IMAGES = YES;
				CURRENT_PROJECT_VERSION = 1;
				ENABLE_PREVIEWS = YES;
				GENERATE_INFOPLIST_FILE = YES;
				INFOPLIST_FILE = breakTime/Info.plist;
				INFOPLIST_KEY_NSHumanReadableCopyright = "";
				LD_RUNPATH_SEARCH_PATHS = (
					"$(inherited)",
					"@executable_path/../Frameworks",
				);
				MARKETING_VERSION = 1.0;
				PRODUCT_BUNDLE_IDENTIFIER = Alphabytetech.breakTime;
				PRODUCT_NAME = "$(TARGET_NAME)";
				REGISTER_APP_GROUPS = YES;
				SWIFT_EMIT_LOC_STRINGS = YES;
				SWIFT_VERSION = 5.0;
			};
			name = Release;
		};
		8B5108C22DED6F35001573F2 /* Debug */ = {
			isa = XCBuildConfiguration;
			buildSettings = {
				BUNDLE_LOADER = "$(TEST_HOST)";
				CODE_SIGN_STYLE = Automatic;
				CURRENT_PROJECT_VERSION = 1;
				GENERATE_INFOPLIST_FILE = YES;
				MACOSX_DEPLOYMENT_TARGET = 15.4;
				MARKETING_VERSION = 1.0;
				PRODUCT_BUNDLE_IDENTIFIER = Alphabytetech.breakTimeTests;
				PRODUCT_NAME = "$(TARGET_NAME)";
				SWIFT_EMIT_LOC_STRINGS = NO;
				SWIFT_VERSION = 5.0;
				TEST_HOST = "$(BUILT_PRODUCTS_DIR)/breakTime.app/$(BUNDLE_EXECUTABLE_FOLDER_PATH)/breakTime";
			};
			name = Debug;
		};
		8B5108C32DED6F35001573F2 /* Release */ = {
			isa = XCBuildConfiguration;
			buildSettings = {
				BUNDLE_LOADER = "$(TEST_HOST)";
				CODE_SIGN_STYLE = Automatic;
				CURRENT_PROJECT_VERSION = 1;
				GENERATE_INFOPLIST_FILE = YES;
				MACOSX_DEPLOYMENT_TARGET = 15.4;
				MARKETING_VERSION = 1.0;
				PRODUCT_BUNDLE_IDENTIFIER = Alphabytetech.breakTimeTests;
				PRODUCT_NAME = "$(TARGET_NAME)";
				SWIFT_EMIT_LOC_STRINGS = NO;
				SWIFT_VERSION = 5.0;
				TEST_HOST = "$(BUILT_PRODUCTS_DIR)/breakTime.app/$(BUNDLE_EXECUTABLE_FOLDER_PATH)/breakTime";
			};
			name = Release;
		};
		8B5108C52DED6F35001573F2 /* Debug */ = {
			isa = XCBuildConfiguration;
			buildSettings = {
				CODE_SIGN_STYLE = Automatic;
				CURRENT_PROJECT_VERSION = 1;
				GENERATE_INFOPLIST_FILE = YES;
				MARKETING_VERSION = 1.0;
				PRODUCT_BUNDLE_IDENTIFIER = Alphabytetech.breakTimeUITests;
				PRODUCT_NAME = "$(TARGET_NAME)";
				SWIFT_EMIT_LOC_STRINGS = NO;
				SWIFT_VERSION = 5.0;
				TEST_TARGET_NAME = breakTime;
			};
			name = Debug;
		};
		8B5108C62DED6F35001573F2 /* Release */ = {
			isa = XCBuildConfiguration;
			buildSettings = {
				CODE_SIGN_STYLE = Automatic;
				CURRENT_PROJECT_VERSION = 1;
				GENERATE_INFOPLIST_FILE = YES;
				MARKETING_VERSION = 1.0;
				PRODUCT_BUNDLE_IDENTIFIER = Alphabytetech.breakTimeUITests;
				PRODUCT_NAME = "$(TARGET_NAME)";
				SWIFT_EMIT_LOC_STRINGS = NO;
				SWIFT_VERSION = 5.0;
				TEST_TARGET_NAME = breakTime;
			};
			name = Release;
		};
/* End XCBuildConfiguration section */

/* Begin XCConfigurationList section */
		8B5108972DED6F32001573F2 /* Build configuration list for PBXProject "breakTime" */ = {
			isa = XCConfigurationList;
			buildConfigurations = (
				8B5108BC2DED6F35001573F2 /* Debug */,
				8B5108BD2DED6F35001573F2 /* Release */,
			);
			defaultConfigurationIsVisible = 0;
			defaultConfigurationName = Release;
		};
		8B5108BE2DED6F35001573F2 /* Build configuration list for PBXNativeTarget "breakTime" */ = {
			isa = XCConfigurationList;
			buildConfigurations = (
				8B5108BF2DED6F35001573F2 /* Debug */,
				8B5108C02DED6F35001573F2 /* Release */,
			);
			defaultConfigurationIsVisible = 0;
			defaultConfigurationName = Release;
		};
		8B5108C12DED6F35001573F2 /* Build configuration list for PBXNativeTarget "breakTimeTests" */ = {
			isa = XCConfigurationList;
			buildConfigurations = (
				8B5108C22DED6F35001573F2 /* Debug */,
				8B5108C32DED6F35001573F2 /* Release */,
			);
			defaultConfigurationIsVisible = 0;
			defaultConfigurationName = Release;
		};
		8B5108C42DED6F35001573F2 /* Build configuration list for PBXNativeTarget "breakTimeUITests" */ = {
			isa = XCConfigurationList;
			buildConfigurations = (
				8B5108C52DED6F35001573F2 /* Debug */,
				8B5108C62DED6F35001573F2 /* Release */,
			);
			defaultConfigurationIsVisible = 0;
			defaultConfigurationName = Release;
		};
/* End XCConfigurationList section */
	};
	rootObject = 8B5108942DED6F32001573F2 /* Project object */;
}
